// !$*UTF8*$!
{
	archiveVersion = 1;
	classes = {
	};
	objectVersion = 46;
	objects = {

/* Begin PBXBuildFile section */
		85E1AD02166D974500F72D7F /* Cocoa.framework in Frameworks */ = {isa = PBXBuildFile; fileRef = 85E1AD01166D974500F72D7F /* Cocoa.framework */; };
		85E1AD0C166D974500F72D7F /* InfoPlist.strings in Resources */ = {isa = PBXBuildFile; fileRef = 85E1AD0A166D974500F72D7F /* InfoPlist.strings */; };
		85E1AD0E166D974500F72D7F /* main.m in Sources */ = {isa = PBXBuildFile; fileRef = 85E1AD0D166D974500F72D7F /* main.m */; };
		85E1AD12166D974500F72D7F /* Credits.rtf in Resources */ = {isa = PBXBuildFile; fileRef = 85E1AD10166D974500F72D7F /* Credits.rtf */; };
		85E1AD15166D974500F72D7F /* AppDelegate.m in Sources */ = {isa = PBXBuildFile; fileRef = 85E1AD14166D974500F72D7F /* AppDelegate.m */; };
		85E1AD18166D974600F72D7F /* MainMenu.xib in Resources */ = {isa = PBXBuildFile; fileRef = 85E1AD16166D974600F72D7F /* MainMenu.xib */; };
		85E1AD20166D985A00F72D7F /* lsof.m in Sources */ = {isa = PBXBuildFile; fileRef = 85E1AD1F166D985A00F72D7F /* lsof.m */; };
		85E1AD23166D9E2A00F72D7F /* iftop.m in Sources */ = {isa = PBXBuildFile; fileRef = 85E1AD22166D9E2A00F72D7F /* iftop.m */; };
		85E1ADFA166DA0C600F72D7F /* SystemConfiguration.framework in Frameworks */ = {isa = PBXBuildFile; fileRef = 85E1ADF9166DA0C600F72D7F /* SystemConfiguration.framework */; };
		85E1AE02166DAAF700F72D7F /* BandWidthCounter.m in Sources */ = {isa = PBXBuildFile; fileRef = 85E1AE01166DAAF700F72D7F /* BandWidthCounter.m */; };
		85E1AE0D166DD71500F72D7F /* MyMenu.m in Sources */ = {isa = PBXBuildFile; fileRef = 85E1AE0C166DD71500F72D7F /* MyMenu.m */; };
		85E1AE1D166E032E00F72D7F /* Terminal.png in Resources */ = {isa = PBXBuildFile; fileRef = 85E1AE1C166E032E00F72D7F /* Terminal.png */; };
/* End PBXBuildFile section */

/* Begin PBXFileReference section */
		85E1ACFD166D974500F72D7F /* AppBandwidthViewer.app */ = {isa = PBXFileReference; explicitFileType = wrapper.application; includeInIndex = 0; path = AppBandwidthViewer.app; sourceTree = BUILT_PRODUCTS_DIR; };
		85E1AD01166D974500F72D7F /* Cocoa.framework */ = {isa = PBXFileReference; lastKnownFileType = wrapper.framework; name = Cocoa.framework; path = System/Library/Frameworks/Cocoa.framework; sourceTree = SDKROOT; };
		85E1AD04166D974500F72D7F /* AppKit.framework */ = {isa = PBXFileReference; lastKnownFileType = wrapper.framework; name = AppKit.framework; path = System/Library/Frameworks/AppKit.framework; sourceTree = SDKROOT; };
		85E1AD05166D974500F72D7F /* CoreData.framework */ = {isa = PBXFileReference; lastKnownFileType = wrapper.framework; name = CoreData.framework; path = System/Library/Frameworks/CoreData.framework; sourceTree = SDKROOT; };
		85E1AD06166D974500F72D7F /* Foundation.framework */ = {isa = PBXFileReference; lastKnownFileType = wrapper.framework; name = Foundation.framework; path = System/Library/Frameworks/Foundation.framework; sourceTree = SDKROOT; };
		85E1AD09166D974500F72D7F /* AppBandwidthViewer-Info.plist */ = {isa = PBXFileReference; lastKnownFileType = text.plist.xml; path = "AppBandwidthViewer-Info.plist"; sourceTree = "<group>"; };
		85E1AD0B166D974500F72D7F /* en */ = {isa = PBXFileReference; lastKnownFileType = text.plist.strings; name = en; path = en.lproj/InfoPlist.strings; sourceTree = "<group>"; };
		85E1AD0D166D974500F72D7F /* main.m */ = {isa = PBXFileReference; lastKnownFileType = sourcecode.c.objc; path = main.m; sourceTree = "<group>"; };
		85E1AD0F166D974500F72D7F /* AppBandwidthViewer-Prefix.pch */ = {isa = PBXFileReference; lastKnownFileType = sourcecode.c.h; path = "AppBandwidthViewer-Prefix.pch"; sourceTree = "<group>"; };
		85E1AD11166D974500F72D7F /* en */ = {isa = PBXFileReference; lastKnownFileType = text.rtf; name = en; path = en.lproj/Credits.rtf; sourceTree = "<group>"; };
		85E1AD13166D974500F72D7F /* AppDelegate.h */ = {isa = PBXFileReference; lastKnownFileType = sourcecode.c.h; path = AppDelegate.h; sourceTree = "<group>"; };
		85E1AD14166D974500F72D7F /* AppDelegate.m */ = {isa = PBXFileReference; lastKnownFileType = sourcecode.c.objc; path = AppDelegate.m; sourceTree = "<group>"; };
		85E1AD17166D974600F72D7F /* en */ = {isa = PBXFileReference; lastKnownFileType = file.xib; name = en; path = en.lproj/MainMenu.xib; sourceTree = "<group>"; };
		85E1AD1E166D985A00F72D7F /* lsof.h */ = {isa = PBXFileReference; fileEncoding = 4; lastKnownFileType = sourcecode.c.h; path = lsof.h; sourceTree = "<group>"; };
		85E1AD1F166D985A00F72D7F /* lsof.m */ = {isa = PBXFileReference; fileEncoding = 4; lastKnownFileType = sourcecode.c.objc; path = lsof.m; sourceTree = "<group>"; };
		85E1AD21166D9E2A00F72D7F /* iftop.h */ = {isa = PBXFileReference; fileEncoding = 4; lastKnownFileType = sourcecode.c.h; path = iftop.h; sourceTree = "<group>"; };
		85E1AD22166D9E2A00F72D7F /* iftop.m */ = {isa = PBXFileReference; fileEncoding = 4; lastKnownFileType = sourcecode.c.objc; path = iftop.m; sourceTree = "<group>"; };
		85E1ADF9166DA0C600F72D7F /* SystemConfiguration.framework */ = {isa = PBXFileReference; lastKnownFileType = wrapper.framework; name = SystemConfiguration.framework; path = System/Library/Frameworks/SystemConfiguration.framework; sourceTree = SDKROOT; };
		85E1AE00166DAAF700F72D7F /* BandWidthCounter.h */ = {isa = PBXFileReference; fileEncoding = 4; lastKnownFileType = sourcecode.c.h; path = BandWidthCounter.h; sourceTree = "<group>"; };
		85E1AE01166DAAF700F72D7F /* BandWidthCounter.m */ = {isa = PBXFileReference; fileEncoding = 4; lastKnownFileType = sourcecode.c.objc; path = BandWidthCounter.m; sourceTree = "<group>"; };
		85E1AE0B166DD71500F72D7F /* MyMenu.h */ = {isa = PBXFileReference; fileEncoding = 4; lastKnownFileType = sourcecode.c.h; path = MyMenu.h; sourceTree = "<group>"; };
		85E1AE0C166DD71500F72D7F /* MyMenu.m */ = {isa = PBXFileReference; fileEncoding = 4; lastKnownFileType = sourcecode.c.objc; path = MyMenu.m; sourceTree = "<group>"; };
		85E1AE1C166E032E00F72D7F /* Terminal.png */ = {isa = PBXFileReference; lastKnownFileType = image.png; path = Terminal.png; sourceTree = "<group>"; };
		85F5A460170C0699007B2A7C /* aclocal.m4 */ = {isa = PBXFileReference; lastKnownFileType = text; path = aclocal.m4; sourceTree = "<group>"; };
		85F5A461170C0699007B2A7C /* addr_hash.c */ = {isa = PBXFileReference; lastKnownFileType = sourcecode.c.c; path = addr_hash.c; sourceTree = "<group>"; };
		85F5A462170C0699007B2A7C /* addr_hash.h */ = {isa = PBXFileReference; lastKnownFileType = sourcecode.c.h; path = addr_hash.h; sourceTree = "<group>"; };
		85F5A463170C0699007B2A7C /* addrs_dlpi.c */ = {isa = PBXFileReference; lastKnownFileType = sourcecode.c.c; path = addrs_dlpi.c; sourceTree = "<group>"; };
		85F5A464170C0699007B2A7C /* addrs_ioctl.c */ = {isa = PBXFileReference; lastKnownFileType = sourcecode.c.c; path = addrs_ioctl.c; sourceTree = "<group>"; };
		85F5A465170C0699007B2A7C /* AUTHORS */ = {isa = PBXFileReference; lastKnownFileType = text; path = AUTHORS; sourceTree = "<group>"; };
		85F5A466170C0699007B2A7C /* bootstrap */ = {isa = PBXFileReference; lastKnownFileType = text.script.sh; path = bootstrap; sourceTree = "<group>"; };
		85F5A467170C0699007B2A7C /* cfgfile.c */ = {isa = PBXFileReference; lastKnownFileType = sourcecode.c.c; path = cfgfile.c; sourceTree = "<group>"; };
		85F5A468170C0699007B2A7C /* cfgfile.h */ = {isa = PBXFileReference; lastKnownFileType = sourcecode.c.h; path = cfgfile.h; sourceTree = "<group>"; };
		85F5A469170C0699007B2A7C /* ChangeLog */ = {isa = PBXFileReference; lastKnownFileType = text; path = ChangeLog; sourceTree = "<group>"; };
		85F5A46B170C0699007B2A7C /* config.guess */ = {isa = PBXFileReference; lastKnownFileType = text.script.sh; path = config.guess; sourceTree = "<group>"; };
		85F5A46C170C0699007B2A7C /* config.sub */ = {isa = PBXFileReference; lastKnownFileType = text.script.sh; path = config.sub; sourceTree = "<group>"; };
		85F5A46D170C0699007B2A7C /* depcomp */ = {isa = PBXFileReference; lastKnownFileType = text.script.sh; path = depcomp; sourceTree = "<group>"; };
		85F5A46E170C0699007B2A7C /* hostentp_ghba_r.c */ = {isa = PBXFileReference; lastKnownFileType = sourcecode.c.c; path = hostentp_ghba_r.c; sourceTree = "<group>"; };
		85F5A46F170C0699007B2A7C /* install-sh */ = {isa = PBXFileReference; lastKnownFileType = text.script.sh; path = "install-sh"; sourceTree = "<group>"; };
		85F5A470170C0699007B2A7C /* int_ghba_r.c */ = {isa = PBXFileReference; lastKnownFileType = sourcecode.c.c; path = int_ghba_r.c; sourceTree = "<group>"; };
		85F5A471170C0699007B2A7C /* Makefile */ = {isa = PBXFileReference; lastKnownFileType = sourcecode.make; path = Makefile; sourceTree = "<group>"; };
		85F5A472170C0699007B2A7C /* Makefile.am */ = {isa = PBXFileReference; lastKnownFileType = text; path = Makefile.am; sourceTree = "<group>"; };
		85F5A473170C0699007B2A7C /* Makefile.in */ = {isa = PBXFileReference; lastKnownFileType = text; path = Makefile.in; sourceTree = "<group>"; };
		85F5A474170C0699007B2A7C /* missing */ = {isa = PBXFileReference; lastKnownFileType = text.script.sh; path = missing; sourceTree = "<group>"; };
		85F5A475170C0699007B2A7C /* mkinstalldirs */ = {isa = PBXFileReference; lastKnownFileType = text.script.sh; path = mkinstalldirs; sourceTree = "<group>"; };
		85F5A476170C0699007B2A7C /* pthread.c */ = {isa = PBXFileReference; lastKnownFileType = sourcecode.c.c; path = pthread.c; sourceTree = "<group>"; };
		85F5A477170C0699007B2A7C /* config.h */ = {isa = PBXFileReference; lastKnownFileType = sourcecode.c.h; path = config.h; sourceTree = "<group>"; };
		85F5A478170C0699007B2A7C /* config.h.in */ = {isa = PBXFileReference; lastKnownFileType = text; path = config.h.in; sourceTree = "<group>"; };
		85F5A479170C0699007B2A7C /* config.log */ = {isa = PBXFileReference; lastKnownFileType = text; path = config.log; sourceTree = "<group>"; };
		85F5A47A170C0699007B2A7C /* config.status */ = {isa = PBXFileReference; lastKnownFileType = text.script.sh; path = config.status; sourceTree = "<group>"; };
		85F5A47B170C0699007B2A7C /* configure */ = {isa = PBXFileReference; lastKnownFileType = text.script.sh; path = configure; sourceTree = "<group>"; };
		85F5A47C170C0699007B2A7C /* configure.in */ = {isa = PBXFileReference; lastKnownFileType = text; path = configure.in; sourceTree = "<group>"; };
		85F5A47D170C0699007B2A7C /* COPYING */ = {isa = PBXFileReference; lastKnownFileType = text; path = COPYING; sourceTree = "<group>"; };
		85F5A47E170C0699007B2A7C /* dlcommon.c */ = {isa = PBXFileReference; lastKnownFileType = sourcecode.c.c; path = dlcommon.c; sourceTree = "<group>"; };
		85F5A47F170C0699007B2A7C /* dlcommon.h */ = {isa = PBXFileReference; lastKnownFileType = sourcecode.c.h; path = dlcommon.h; sourceTree = "<group>"; };
		85F5A480170C0699007B2A7C /* edline.c */ = {isa = PBXFileReference; lastKnownFileType = sourcecode.c.c; path = edline.c; sourceTree = "<group>"; };
		85F5A481170C0699007B2A7C /* ether.h */ = {isa = PBXFileReference; lastKnownFileType = sourcecode.c.h; path = ether.h; sourceTree = "<group>"; };
		85F5A482170C0699007B2A7C /* ethertype.h */ = {isa = PBXFileReference; lastKnownFileType = sourcecode.c.h; path = ethertype.h; sourceTree = "<group>"; };
		85F5A483170C0699007B2A7C /* extract.h */ = {isa = PBXFileReference; lastKnownFileType = sourcecode.c.h; path = extract.h; sourceTree = "<group>"; };
		85F5A484170C0699007B2A7C /* hash.c */ = {isa = PBXFileReference; lastKnownFileType = sourcecode.c.c; path = hash.c; sourceTree = "<group>"; };
		85F5A485170C0699007B2A7C /* hash.h */ = {isa = PBXFileReference; lastKnownFileType = sourcecode.c.h; path = hash.h; sourceTree = "<group>"; };
		85F5A486170C0699007B2A7C /* iftop.8 */ = {isa = PBXFileReference; lastKnownFileType = text; path = iftop.8; sourceTree = "<group>"; };
		85F5A487170C0699007B2A7C /* iftop.c */ = {isa = PBXFileReference; lastKnownFileType = sourcecode.c.c; path = iftop.c; sourceTree = "<group>"; };
		85F5A488170C0699007B2A7C /* iftop.cat */ = {isa = PBXFileReference; lastKnownFileType = file; path = iftop.cat; sourceTree = "<group>"; };
		85F5A489170C0699007B2A7C /* iftop.h */ = {isa = PBXFileReference; lastKnownFileType = sourcecode.c.h; path = iftop.h; sourceTree = "<group>"; };
		85F5A48A170C0699007B2A7C /* iftop.spec */ = {isa = PBXFileReference; lastKnownFileType = text; path = iftop.spec; sourceTree = "<group>"; };
		85F5A48B170C0699007B2A7C /* INSTALL */ = {isa = PBXFileReference; lastKnownFileType = text; path = INSTALL; sourceTree = "<group>"; };
		85F5A48C170C0699007B2A7C /* integers.h */ = {isa = PBXFileReference; lastKnownFileType = sourcecode.c.h; path = integers.h; sourceTree = "<group>"; };
		85F5A48D170C0699007B2A7C /* ip.h */ = {isa = PBXFileReference; lastKnownFileType = sourcecode.c.h; path = ip.h; sourceTree = "<group>"; };
		85F5A48E170C0699007B2A7C /* llc.h */ = {isa = PBXFileReference; lastKnownFileType = sourcecode.c.h; path = llc.h; sourceTree = "<group>"; };
		85F5A48F170C0699007B2A7C /* Makefile */ = {isa = PBXFileReference; lastKnownFileType = sourcecode.make; path = Makefile; sourceTree = "<group>"; };
		85F5A490170C0699007B2A7C /* Makefile.am */ = {isa = PBXFileReference; lastKnownFileType = text; path = Makefile.am; sourceTree = "<group>"; };
		85F5A491170C0699007B2A7C /* Makefile.in */ = {isa = PBXFileReference; lastKnownFileType = text; path = Makefile.in; sourceTree = "<group>"; };
		85F5A492170C0699007B2A7C /* Makefile.OLD */ = {isa = PBXFileReference; lastKnownFileType = text; path = Makefile.OLD; sourceTree = "<group>"; };
		85F5A493170C0699007B2A7C /* NEWS */ = {isa = PBXFileReference; lastKnownFileType = text; path = NEWS; sourceTree = "<group>"; };
		85F5A494170C0699007B2A7C /* ns_hash.c */ = {isa = PBXFileReference; lastKnownFileType = sourcecode.c.c; path = ns_hash.c; sourceTree = "<group>"; };
		85F5A495170C0699007B2A7C /* ns_hash.h */ = {isa = PBXFileReference; lastKnownFileType = sourcecode.c.h; path = ns_hash.h; sourceTree = "<group>"; };
		85F5A496170C0699007B2A7C /* options.c */ = {isa = PBXFileReference; lastKnownFileType = sourcecode.c.c; path = options.c; sourceTree = "<group>"; };
		85F5A497170C0699007B2A7C /* options.h */ = {isa = PBXFileReference; lastKnownFileType = sourcecode.c.h; path = options.h; sourceTree = "<group>"; };
		85F5A498170C0699007B2A7C /* ppp.h */ = {isa = PBXFileReference; lastKnownFileType = sourcecode.c.h; path = ppp.h; sourceTree = "<group>"; };
		85F5A499170C0699007B2A7C /* README */ = {isa = PBXFileReference; lastKnownFileType = text; path = README; sourceTree = "<group>"; };
		85F5A49A170C0699007B2A7C /* resolver.c */ = {isa = PBXFileReference; lastKnownFileType = sourcecode.c.c; path = resolver.c; sourceTree = "<group>"; };
		85F5A49B170C0699007B2A7C /* resolver.h */ = {isa = PBXFileReference; lastKnownFileType = sourcecode.c.h; path = resolver.h; sourceTree = "<group>"; };
		85F5A49C170C0699007B2A7C /* screenfilter.c */ = {isa = PBXFileReference; lastKnownFileType = sourcecode.c.c; path = screenfilter.c; sourceTree = "<group>"; };
		85F5A49D170C0699007B2A7C /* screenfilter.h */ = {isa = PBXFileReference; lastKnownFileType = sourcecode.c.h; path = screenfilter.h; sourceTree = "<group>"; };
		85F5A49E170C0699007B2A7C /* serv_hash.c */ = {isa = PBXFileReference; lastKnownFileType = sourcecode.c.c; path = serv_hash.c; sourceTree = "<group>"; };
		85F5A49F170C0699007B2A7C /* serv_hash.h */ = {isa = PBXFileReference; lastKnownFileType = sourcecode.c.h; path = serv_hash.h; sourceTree = "<group>"; };
		85F5A4A0170C0699007B2A7C /* sll.h */ = {isa = PBXFileReference; lastKnownFileType = sourcecode.c.h; path = sll.h; sourceTree = "<group>"; };
		85F5A4A1170C0699007B2A7C /* sorted_list.c */ = {isa = PBXFileReference; lastKnownFileType = sourcecode.c.c; path = sorted_list.c; sourceTree = "<group>"; };
		85F5A4A2170C0699007B2A7C /* sorted_list.h */ = {isa = PBXFileReference; lastKnownFileType = sourcecode.c.h; path = sorted_list.h; sourceTree = "<group>"; };
		85F5A4A3170C0699007B2A7C /* stamp-h1 */ = {isa = PBXFileReference; lastKnownFileType = text; path = "stamp-h1"; sourceTree = "<group>"; };
		85F5A4A4170C0699007B2A7C /* stringmap.c */ = {isa = PBXFileReference; lastKnownFileType = sourcecode.c.c; path = stringmap.c; sourceTree = "<group>"; };
		85F5A4A5170C0699007B2A7C /* stringmap.h */ = {isa = PBXFileReference; lastKnownFileType = sourcecode.c.h; path = stringmap.h; sourceTree = "<group>"; };
		85F5A4A6170C0699007B2A7C /* tcp.h */ = {isa = PBXFileReference; lastKnownFileType = sourcecode.c.h; path = tcp.h; sourceTree = "<group>"; };
		85F5A4A7170C0699007B2A7C /* threadprof.c */ = {isa = PBXFileReference; lastKnownFileType = sourcecode.c.c; path = threadprof.c; sourceTree = "<group>"; };
		85F5A4A8170C0699007B2A7C /* threadprof.h */ = {isa = PBXFileReference; lastKnownFileType = sourcecode.c.h; path = threadprof.h; sourceTree = "<group>"; };
		85F5A4A9170C0699007B2A7C /* TODO */ = {isa = PBXFileReference; lastKnownFileType = text; path = TODO; sourceTree = "<group>"; };
		85F5A4AA170C0699007B2A7C /* token.h */ = {isa = PBXFileReference; lastKnownFileType = sourcecode.c.h; path = token.h; sourceTree = "<group>"; };
		85F5A4AB170C0699007B2A7C /* ui.c */ = {isa = PBXFileReference; lastKnownFileType = sourcecode.c.c; path = ui.c; sourceTree = "<group>"; };
		85F5A4AC170C0699007B2A7C /* ui.h */ = {isa = PBXFileReference; lastKnownFileType = sourcecode.c.h; path = ui.h; sourceTree = "<group>"; };
		85F5A4AD170C0699007B2A7C /* util.c */ = {isa = PBXFileReference; lastKnownFileType = sourcecode.c.c; path = util.c; sourceTree = "<group>"; };
		85F5A4AE170C0699007B2A7C /* vector.c */ = {isa = PBXFileReference; lastKnownFileType = sourcecode.c.c; path = vector.c; sourceTree = "<group>"; };
		85F5A4AF170C0699007B2A7C /* vector.h */ = {isa = PBXFileReference; lastKnownFileType = sourcecode.c.h; path = vector.h; sourceTree = "<group>"; };
/* End PBXFileReference section */

/* Begin PBXFrameworksBuildPhase section */
		85E1ACFA166D974500F72D7F /* Frameworks */ = {
			isa = PBXFrameworksBuildPhase;
			buildActionMask = 2147483647;
			files = (
				85E1ADFA166DA0C600F72D7F /* SystemConfiguration.framework in Frameworks */,
				85E1AD02166D974500F72D7F /* Cocoa.framework in Frameworks */,
			);
			runOnlyForDeploymentPostprocessing = 0;
		};
/* End PBXFrameworksBuildPhase section */

/* Begin PBXGroup section */
		85E1ACF2166D974500F72D7F = {
			isa = PBXGroup;
			children = (
				85E1AD07166D974500F72D7F /* AppBandwidthViewer */,
				85E1AD00166D974500F72D7F /* Frameworks */,
				85E1ACFE166D974500F72D7F /* Products */,
			);
			sourceTree = "<group>";
		};
		85E1ACFE166D974500F72D7F /* Products */ = {
			isa = PBXGroup;
			children = (
				85E1ACFD166D974500F72D7F /* AppBandwidthViewer.app */,
			);
			name = Products;
			sourceTree = "<group>";
		};
		85E1AD00166D974500F72D7F /* Frameworks */ = {
			isa = PBXGroup;
			children = (
				85E1ADF9166DA0C600F72D7F /* SystemConfiguration.framework */,
				85E1AD01166D974500F72D7F /* Cocoa.framework */,
				85E1AD03166D974500F72D7F /* Other Frameworks */,
			);
			name = Frameworks;
			sourceTree = "<group>";
		};
		85E1AD03166D974500F72D7F /* Other Frameworks */ = {
			isa = PBXGroup;
			children = (
				85E1AD04166D974500F72D7F /* AppKit.framework */,
				85E1AD05166D974500F72D7F /* CoreData.framework */,
				85E1AD06166D974500F72D7F /* Foundation.framework */,
			);
			name = "Other Frameworks";
			sourceTree = "<group>";
		};
		85E1AD07166D974500F72D7F /* AppBandwidthViewer */ = {
			isa = PBXGroup;
			children = (
				85E1AD13166D974500F72D7F /* AppDelegate.h */,
				85E1AD14166D974500F72D7F /* AppDelegate.m */,
				85E1AE0B166DD71500F72D7F /* MyMenu.h */,
				85E1AE0C166DD71500F72D7F /* MyMenu.m */,
				85E1AD16166D974600F72D7F /* MainMenu.xib */,
				85E1AE00166DAAF700F72D7F /* BandWidthCounter.h */,
				85E1AE01166DAAF700F72D7F /* BandWidthCounter.m */,
				85E1AD1E166D985A00F72D7F /* lsof.h */,
				85E1AD1F166D985A00F72D7F /* lsof.m */,
				85E1AD21166D9E2A00F72D7F /* iftop.h */,
				85E1AD22166D9E2A00F72D7F /* iftop.m */,
				85E1AD08166D974500F72D7F /* Supporting Files */,
			);
			path = AppBandwidthViewer;
			sourceTree = "<group>";
		};
		85E1AD08166D974500F72D7F /* Supporting Files */ = {
			isa = PBXGroup;
			children = (
				85F5A45E170C0699007B2A7C /* iftop */,
				85E1AE1C166E032E00F72D7F /* Terminal.png */,
				85E1AD09166D974500F72D7F /* AppBandwidthViewer-Info.plist */,
				85E1AD0A166D974500F72D7F /* InfoPlist.strings */,
				85E1AD0D166D974500F72D7F /* main.m */,
				85E1AD0F166D974500F72D7F /* AppBandwidthViewer-Prefix.pch */,
				85E1AD10166D974500F72D7F /* Credits.rtf */,
			);
			name = "Supporting Files";
			sourceTree = "<group>";
		};
		85F5A45E170C0699007B2A7C /* iftop */ = {
			isa = PBXGroup;
			children = (
				85F5A45F170C0699007B2A7C /* .deps */,
				85F5A460170C0699007B2A7C /* aclocal.m4 */,
				85F5A461170C0699007B2A7C /* addr_hash.c */,
				85F5A462170C0699007B2A7C /* addr_hash.h */,
				85F5A463170C0699007B2A7C /* addrs_dlpi.c */,
				85F5A464170C0699007B2A7C /* addrs_ioctl.c */,
				85F5A465170C0699007B2A7C /* AUTHORS */,
				85F5A466170C0699007B2A7C /* bootstrap */,
				85F5A467170C0699007B2A7C /* cfgfile.c */,
				85F5A468170C0699007B2A7C /* cfgfile.h */,
				85F5A469170C0699007B2A7C /* ChangeLog */,
				85F5A46A170C0699007B2A7C /* config */,
				85F5A477170C0699007B2A7C /* config.h */,
				85F5A478170C0699007B2A7C /* config.h.in */,
				85F5A479170C0699007B2A7C /* config.log */,
				85F5A47A170C0699007B2A7C /* config.status */,
				85F5A47B170C0699007B2A7C /* configure */,
				85F5A47C170C0699007B2A7C /* configure.in */,
				85F5A47D170C0699007B2A7C /* COPYING */,
				85F5A47E170C0699007B2A7C /* dlcommon.c */,
				85F5A47F170C0699007B2A7C /* dlcommon.h */,
				85F5A480170C0699007B2A7C /* edline.c */,
				85F5A481170C0699007B2A7C /* ether.h */,
				85F5A482170C0699007B2A7C /* ethertype.h */,
				85F5A483170C0699007B2A7C /* extract.h */,
				85F5A484170C0699007B2A7C /* hash.c */,
				85F5A485170C0699007B2A7C /* hash.h */,
				85F5A486170C0699007B2A7C /* iftop.8 */,
				85F5A487170C0699007B2A7C /* iftop.c */,
				85F5A488170C0699007B2A7C /* iftop.cat */,
				85F5A489170C0699007B2A7C /* iftop.h */,
				85F5A48A170C0699007B2A7C /* iftop.spec */,
				85F5A48B170C0699007B2A7C /* INSTALL */,
				85F5A48C170C0699007B2A7C /* integers.h */,
				85F5A48D170C0699007B2A7C /* ip.h */,
				85F5A48E170C0699007B2A7C /* llc.h */,
				85F5A48F170C0699007B2A7C /* Makefile */,
				85F5A490170C0699007B2A7C /* Makefile.am */,
				85F5A491170C0699007B2A7C /* Makefile.in */,
				85F5A492170C0699007B2A7C /* Makefile.OLD */,
				85F5A493170C0699007B2A7C /* NEWS */,
				85F5A494170C0699007B2A7C /* ns_hash.c */,
				85F5A495170C0699007B2A7C /* ns_hash.h */,
				85F5A496170C0699007B2A7C /* options.c */,
				85F5A497170C0699007B2A7C /* options.h */,
				85F5A498170C0699007B2A7C /* ppp.h */,
				85F5A499170C0699007B2A7C /* README */,
				85F5A49A170C0699007B2A7C /* resolver.c */,
				85F5A49B170C0699007B2A7C /* resolver.h */,
				85F5A49C170C0699007B2A7C /* screenfilter.c */,
				85F5A49D170C0699007B2A7C /* screenfilter.h */,
				85F5A49E170C0699007B2A7C /* serv_hash.c */,
				85F5A49F170C0699007B2A7C /* serv_hash.h */,
				85F5A4A0170C0699007B2A7C /* sll.h */,
				85F5A4A1170C0699007B2A7C /* sorted_list.c */,
				85F5A4A2170C0699007B2A7C /* sorted_list.h */,
				85F5A4A3170C0699007B2A7C /* stamp-h1 */,
				85F5A4A4170C0699007B2A7C /* stringmap.c */,
				85F5A4A5170C0699007B2A7C /* stringmap.h */,
				85F5A4A6170C0699007B2A7C /* tcp.h */,
				85F5A4A7170C0699007B2A7C /* threadprof.c */,
				85F5A4A8170C0699007B2A7C /* threadprof.h */,
				85F5A4A9170C0699007B2A7C /* TODO */,
				85F5A4AA170C0699007B2A7C /* token.h */,
				85F5A4AB170C0699007B2A7C /* ui.c */,
				85F5A4AC170C0699007B2A7C /* ui.h */,
				85F5A4AD170C0699007B2A7C /* util.c */,
				85F5A4AE170C0699007B2A7C /* vector.c */,
				85F5A4AF170C0699007B2A7C /* vector.h */,
			);
			path = iftop;
			sourceTree = "<group>";
		};
		85F5A45F170C0699007B2A7C /* .deps */ = {
			isa = PBXGroup;
			children = (
			);
			path = .deps;
			sourceTree = "<group>";
		};
		85F5A46A170C0699007B2A7C /* config */ = {
			isa = PBXGroup;
			children = (
				85F5A46B170C0699007B2A7C /* config.guess */,
				85F5A46C170C0699007B2A7C /* config.sub */,
				85F5A46D170C0699007B2A7C /* depcomp */,
				85F5A46E170C0699007B2A7C /* hostentp_ghba_r.c */,
				85F5A46F170C0699007B2A7C /* install-sh */,
				85F5A470170C0699007B2A7C /* int_ghba_r.c */,
				85F5A471170C0699007B2A7C /* Makefile */,
				85F5A472170C0699007B2A7C /* Makefile.am */,
				85F5A473170C0699007B2A7C /* Makefile.in */,
				85F5A474170C0699007B2A7C /* missing */,
				85F5A475170C0699007B2A7C /* mkinstalldirs */,
				85F5A476170C0699007B2A7C /* pthread.c */,
			);
			path = config;
			sourceTree = "<group>";
		};
/* End PBXGroup section */

/* Begin PBXNativeTarget section */
		85E1ACFC166D974500F72D7F /* AppBandwidthViewer */ = {
			isa = PBXNativeTarget;
			buildConfigurationList = 85E1AD1B166D974600F72D7F /* Build configuration list for PBXNativeTarget "AppBandwidthViewer" */;
			buildPhases = (
				85E1ACF9166D974500F72D7F /* Sources */,
				85E1ACFA166D974500F72D7F /* Frameworks */,
				85E1ACFB166D974500F72D7F /* Resources */,
			);
			buildRules = (
			);
			dependencies = (
			);
			name = AppBandwidthViewer;
			productName = AppBandwidthViewer;
			productReference = 85E1ACFD166D974500F72D7F /* AppBandwidthViewer.app */;
			productType = "com.apple.product-type.application";
		};
/* End PBXNativeTarget section */

/* Begin PBXProject section */
		85E1ACF4166D974500F72D7F /* Project object */ = {
			isa = PBXProject;
			attributes = {
				LastUpgradeCheck = 0450;
				ORGANIZATIONNAME = yangyiliang;
			};
			buildConfigurationList = 85E1ACF7166D974500F72D7F /* Build configuration list for PBXProject "AppBandwidthViewer" */;
			compatibilityVersion = "Xcode 3.2";
			developmentRegion = English;
			hasScannedForEncodings = 0;
			knownRegions = (
				en,
			);
			mainGroup = 85E1ACF2166D974500F72D7F;
			productRefGroup = 85E1ACFE166D974500F72D7F /* Products */;
			projectDirPath = "";
			projectRoot = "";
			targets = (
				85E1ACFC166D974500F72D7F /* AppBandwidthViewer */,
			);
		};
/* End PBXProject section */

/* Begin PBXResourcesBuildPhase section */
		85E1ACFB166D974500F72D7F /* Resources */ = {
			isa = PBXResourcesBuildPhase;
			buildActionMask = 2147483647;
			files = (
				85E1AD0C166D974500F72D7F /* InfoPlist.strings in Resources */,
				85E1AD12166D974500F72D7F /* Credits.rtf in Resources */,
				85E1AD18166D974600F72D7F /* MainMenu.xib in Resources */,
				85E1AE1D166E032E00F72D7F /* Terminal.png in Resources */,
			);
			runOnlyForDeploymentPostprocessing = 0;
		};
/* End PBXResourcesBuildPhase section */

/* Begin PBXSourcesBuildPhase section */
		85E1ACF9166D974500F72D7F /* Sources */ = {
			isa = PBXSourcesBuildPhase;
			buildActionMask = 2147483647;
			files = (
				85E1AD0E166D974500F72D7F /* main.m in Sources */,
				85E1AD15166D974500F72D7F /* AppDelegate.m in Sources */,
				85E1AD20166D985A00F72D7F /* lsof.m in Sources */,
				85E1AD23166D9E2A00F72D7F /* iftop.m in Sources */,
				85E1AE02166DAAF700F72D7F /* BandWidthCounter.m in Sources */,
				85E1AE0D166DD71500F72D7F /* MyMenu.m in Sources */,
			);
			runOnlyForDeploymentPostprocessing = 0;
		};
/* End PBXSourcesBuildPhase section */

/* Begin PBXVariantGroup section */
		85E1AD0A166D974500F72D7F /* InfoPlist.strings */ = {
			isa = PBXVariantGroup;
			children = (
				85E1AD0B166D974500F72D7F /* en */,
			);
			name = InfoPlist.strings;
			sourceTree = "<group>";
		};
		85E1AD10166D974500F72D7F /* Credits.rtf */ = {
			isa = PBXVariantGroup;
			children = (
				85E1AD11166D974500F72D7F /* en */,
			);
			name = Credits.rtf;
			sourceTree = "<group>";
		};
		85E1AD16166D974600F72D7F /* MainMenu.xib */ = {
			isa = PBXVariantGroup;
			children = (
				85E1AD17166D974600F72D7F /* en */,
			);
			name = MainMenu.xib;
			sourceTree = "<group>";
		};
/* End PBXVariantGroup section */

/* Begin XCBuildConfiguration section */
		85E1AD19166D974600F72D7F /* Debug */ = {
			isa = XCBuildConfiguration;
			buildSettings = {
				ALWAYS_SEARCH_USER_PATHS = NO;
				ARCHS = "$(ARCHS_STANDARD_64_BIT)";
				CLANG_CXX_LANGUAGE_STANDARD = "gnu++0x";
				CLANG_CXX_LIBRARY = "libc++";
				CLANG_ENABLE_OBJC_ARC = YES;
				CLANG_WARN_EMPTY_BODY = YES;
				CLANG_WARN__DUPLICATE_METHOD_MATCH = YES;
				COPY_PHASE_STRIP = NO;
				GCC_C_LANGUAGE_STANDARD = gnu99;
				GCC_DYNAMIC_NO_PIC = NO;
				GCC_ENABLE_OBJC_EXCEPTIONS = YES;
				GCC_OPTIMIZATION_LEVEL = 0;
				GCC_PREPROCESSOR_DEFINITIONS = (
					"DEBUG=1",
					"$(inherited)",
				);
				GCC_SYMBOLS_PRIVATE_EXTERN = NO;
				GCC_WARN_64_TO_32_BIT_CONVERSION = YES;
				GCC_WARN_ABOUT_RETURN_TYPE = YES;
				GCC_WARN_UNINITIALIZED_AUTOS = YES;
				GCC_WARN_UNUSED_VARIABLE = YES;
				MACOSX_DEPLOYMENT_TARGET = 10.8;
				ONLY_ACTIVE_ARCH = YES;
				SDKROOT = macosx;
			};
			name = Debug;
		};
		85E1AD1A166D974600F72D7F /* Release */ = {
			isa = XCBuildConfiguration;
			buildSettings = {
				ALWAYS_SEARCH_USER_PATHS = NO;
				ARCHS = "$(ARCHS_STANDARD_64_BIT)";
				CLANG_CXX_LANGUAGE_STANDARD = "gnu++0x";
				CLANG_CXX_LIBRARY = "libc++";
				CLANG_ENABLE_OBJC_ARC = YES;
				CLANG_WARN_EMPTY_BODY = YES;
				CLANG_WARN__DUPLICATE_METHOD_MATCH = YES;
				COPY_PHASE_STRIP = YES;
				DEBUG_INFORMATION_FORMAT = "dwarf-with-dsym";
				GCC_C_LANGUAGE_STANDARD = gnu99;
				GCC_ENABLE_OBJC_EXCEPTIONS = YES;
				GCC_WARN_64_TO_32_BIT_CONVERSION = YES;
				GCC_WARN_ABOUT_RETURN_TYPE = YES;
				GCC_WARN_UNINITIALIZED_AUTOS = YES;
				GCC_WARN_UNUSED_VARIABLE = YES;
				MACOSX_DEPLOYMENT_TARGET = 10.8;
				SDKROOT = macosx;
			};
			name = Release;
		};
		85E1AD1C166D974600F72D7F /* Debug */ = {
			isa = XCBuildConfiguration;
			buildSettings = {
				COMBINE_HIDPI_IMAGES = YES;
				GCC_PRECOMPILE_PREFIX_HEADER = YES;
				GCC_PREFIX_HEADER = "AppBandwidthViewer/AppBandwidthViewer-Prefix.pch";
				INFOPLIST_FILE = "AppBandwidthViewer/AppBandwidthViewer-Info.plist";
				MACOSX_DEPLOYMENT_TARGET = 10.7;
				PRODUCT_NAME = "$(TARGET_NAME)";
				WRAPPER_EXTENSION = app;
			};
			name = Debug;
		};
		85E1AD1D166D974600F72D7F /* Release */ = {
			isa = XCBuildConfiguration;
			buildSettings = {
				COMBINE_HIDPI_IMAGES = YES;
				GCC_PRECOMPILE_PREFIX_HEADER = YES;
				GCC_PREFIX_HEADER = "AppBandwidthViewer/AppBandwidthViewer-Prefix.pch";
				INFOPLIST_FILE = "AppBandwidthViewer/AppBandwidthViewer-Info.plist";
				MACOSX_DEPLOYMENT_TARGET = 10.7;
				PRODUCT_NAME = "$(TARGET_NAME)";
				WRAPPER_EXTENSION = app;
			};
			name = Release;
		};
/* End XCBuildConfiguration section */

/* Begin XCConfigurationList section */
		85E1ACF7166D974500F72D7F /* Build configuration list for PBXProject "AppBandwidthViewer" */ = {
			isa = XCConfigurationList;
			buildConfigurations = (
				85E1AD19166D974600F72D7F /* Debug */,
				85E1AD1A166D974600F72D7F /* Release */,
			);
			defaultConfigurationIsVisible = 0;
			defaultConfigurationName = Release;
		};
		85E1AD1B166D974600F72D7F /* Build configuration list for PBXNativeTarget "AppBandwidthViewer" */ = {
			isa = XCConfigurationList;
			buildConfigurations = (
				85E1AD1C166D974600F72D7F /* Debug */,
				85E1AD1D166D974600F72D7F /* Release */,
			);
			defaultConfigurationIsVisible = 0;
			defaultConfigurationName = Release;
		};
/* End XCConfigurationList section */
	};
	rootObject = 85E1ACF4166D974500F72D7F /* Project object */;
}
